
Microsoft Visual Studio Solution File, Format Version 12.00
# Visual Studio Version 17
VisualStudioVersion = 17.5.002.0
MinimumVisualStudioVersion = 10.0.40219.1
Project("{2150E333-8FDC-42A3-9474-1A3956D46DE8}") = "csharp-prep", "csharp-prep", "{4784B168-74DE-4F6D-B694-7101A37AFD5D}"
EndProject
Project("{9A19103F-16F7-4668-BE54-9A1E7A4F7556}") = "Prep1", "csharp-prep\Prep1\Prep1.csproj", "{3AA070B9-6FD2-449D-99A6-0783E3050CF2}"
EndProject
Project("{9A19103F-16F7-4668-BE54-9A1E7A4F7556}") = "Prep2", "csharp-prep\Prep2\Prep2.csproj", "{CDDC3D18-904F-4127-B568-4F29D71D03C9}"
EndProject
Project("{9A19103F-16F7-4668-BE54-9A1E7A4F7556}") = "Prep3", "csharp-prep\Prep3\Prep3.csproj", "{09F2718D-CC39-4F22-A23B-0001CDBD464F}"
EndProject
Project("{9A19103F-16F7-4668-BE54-9A1E7A4F7556}") = "Prep4", "csharp-prep\Prep4\Prep4.csproj", "{84E8E17B-154F-4A20-BE13-F5A9274925AD}"
EndProject
Project("{9A19103F-16F7-4668-BE54-9A1E7A4F7556}") = "Prep5", "csharp-prep\Prep5\Prep5.csproj", "{AFF5642F-4DB2-4261-9B7D-A7F3F58187D0}"
EndProject
Project("{2150E333-8FDC-42A3-9474-1A3956D46DE8}") = "final", "final", "{0B89F426-B8B3-4C88-A889-DD295A397779}"
EndProject
Project("{9A19103F-16F7-4668-BE54-9A1E7A4F7556}") = "FinalProject", "final\FinalProject\FinalProject.csproj", "{AE40427D-8241-4BFA-BEE9-792D4E818ED6}"
EndProject
Project("{9A19103F-16F7-4668-BE54-9A1E7A4F7556}") = "Foundation1", "final\Foundation1\Foundation1.csproj", "{58162A2F-57DE-4C32-BE58-D75E372E2CA3}"
EndProject
Project("{9A19103F-16F7-4668-BE54-9A1E7A4F7556}") = "Foundation2", "final\Foundation2\Foundation2.csproj", "{43C53638-7041-4207-9432-70DE2F864000}"
EndProject
Project("{9A19103F-16F7-4668-BE54-9A1E7A4F7556}") = "Foundation3", "final\Foundation3\Foundation3.csproj", "{7B57A310-0FDC-4B8D-A605-6341BD7FA2CB}"
EndProject
Project("{9A19103F-16F7-4668-BE54-9A1E7A4F7556}") = "Foundation4", "final\Foundation4\Foundation4.csproj", "{EC7658F2-8454-4DB7-8153-5679312CAE48}"
EndProject
Project("{2150E333-8FDC-42A3-9474-1A3956D46DE8}") = "prepare", "prepare", "{214F496B-C355-4C25-A86D-221DC233A9C7}"
EndProject
Project("{9A19103F-16F7-4668-BE54-9A1E7A4F7556}") = "Learning02", "prepare\Learning02\Learning02.csproj", "{DC5C7A0C-1060-46B9-8F61-743119DD722B}"
EndProject
Project("{9A19103F-16F7-4668-BE54-9A1E7A4F7556}") = "Learning03", "prepare\Learning03\Learning03.csproj", "{5D893060-8F0F-45E1-B307-F2D01434EDD1}"
EndProject
Project("{9A19103F-16F7-4668-BE54-9A1E7A4F7556}") = "Learning04", "prepare\Learning04\Learning04.csproj", "{4C49D47F-88AF-4E08-BDCB-9F1A374C1DD9}"
EndProject
Project("{9A19103F-16F7-4668-BE54-9A1E7A4F7556}") = "Learning05", "prepare\Learning05\Learning05.csproj", "{A54D1343-CE34-4FBB-BB3B-FF9196C571EE}"
EndProject
Project("{2150E333-8FDC-42A3-9474-1A3956D46DE8}") = "prove", "prove", "{C4F1E39D-331D-4725-BF41-52B8662700F9}"
EndProject
Project("{9A19103F-16F7-4668-BE54-9A1E7A4F7556}") = "Develop02", "prove\Develop02\Develop02.csproj", "{66CDA137-6877-4154-AA25-F32329D5C6E5}"
EndProject
Project("{9A19103F-16F7-4668-BE54-9A1E7A4F7556}") = "Develop03", "prove\Develop03\Develop03.csproj", "{E27A0027-2DB8-44FA-81E3-0608189A8036}"
EndProject
Project("{9A19103F-16F7-4668-BE54-9A1E7A4F7556}") = "Develop04", "prove\Develop04\Develop04.csproj", "{3D95FFA1-9E3B-40F4-A19B-4F7ED882B024}"
EndProject
Project("{9A19103F-16F7-4668-BE54-9A1E7A4F7556}") = "Develop05", "prove\Develop05\Develop05.csproj", "{1366E438-AC82-4202-B743-1EAC8B52AF92}"
EndProject
Project("{2150E333-8FDC-42A3-9474-1A3956D46DE8}") = "sandbox", "sandbox", "{A0C1A036-D5C8-45EB-9068-FEEBA5819031}"
EndProject
Project("{9A19103F-16F7-4668-BE54-9A1E7A4F7556}") = "Sandbox", "sandbox\Sandbox\Sandbox.csproj", "{034B9A66-1C4B-46DB-8BFC-0478C9F1A1E7}"
EndProject
Global
	GlobalSection(SolutionConfigurationPlatforms) = preSolution
		Debug|Any CPU = Debug|Any CPU
		Release|Any CPU = Release|Any CPU
	EndGlobalSection
	GlobalSection(ProjectConfigurationPlatforms) = postSolution
		{3AA070B9-6FD2-449D-99A6-0783E3050CF2}.Debug|Any CPU.ActiveCfg = Debug|Any CPU
		{3AA070B9-6FD2-449D-99A6-0783E3050CF2}.Debug|Any CPU.Build.0 = Debug|Any CPU
		{3AA070B9-6FD2-449D-99A6-0783E3050CF2}.Release|Any CPU.ActiveCfg = Release|Any CPU
		{3AA070B9-6FD2-449D-99A6-0783E3050CF2}.Release|Any CPU.Build.0 = Release|Any CPU
		{CDDC3D18-904F-4127-B568-4F29D71D03C9}.Debug|Any CPU.ActiveCfg = Debug|Any CPU
		{CDDC3D18-904F-4127-B568-4F29D71D03C9}.Debug|Any CPU.Build.0 = Debug|Any CPU
		{CDDC3D18-904F-4127-B568-4F29D71D03C9}.Release|Any CPU.ActiveCfg = Release|Any CPU
		{CDDC3D18-904F-4127-B568-4F29D71D03C9}.Release|Any CPU.Build.0 = Release|Any CPU
		{09F2718D-CC39-4F22-A23B-0001CDBD464F}.Debug|Any CPU.ActiveCfg = Debug|Any CPU
		{09F2718D-CC39-4F22-A23B-0001CDBD464F}.Debug|Any CPU.Build.0 = Debug|Any CPU
		{09F2718D-CC39-4F22-A23B-0001CDBD464F}.Release|Any CPU.ActiveCfg = Release|Any CPU
		{09F2718D-CC39-4F22-A23B-0001CDBD464F}.Release|Any CPU.Build.0 = Release|Any CPU
		{84E8E17B-154F-4A20-BE13-F5A9274925AD}.Debug|Any CPU.ActiveCfg = Debug|Any CPU
		{84E8E17B-154F-4A20-BE13-F5A9274925AD}.Debug|Any CPU.Build.0 = Debug|Any CPU
		{84E8E17B-154F-4A20-BE13-F5A9274925AD}.Release|Any CPU.ActiveCfg = Release|Any CPU
		{84E8E17B-154F-4A20-BE13-F5A9274925AD}.Release|Any CPU.Build.0 = Release|Any CPU
		{AFF5642F-4DB2-4261-9B7D-A7F3F58187D0}.Debug|Any CPU.ActiveCfg = Debug|Any CPU
		{AFF5642F-4DB2-4261-9B7D-A7F3F58187D0}.Debug|Any CPU.Build.0 = Debug|Any CPU
		{AFF5642F-4DB2-4261-9B7D-A7F3F58187D0}.Release|Any CPU.ActiveCfg = Release|Any CPU
		{AFF5642F-4DB2-4261-9B7D-A7F3F58187D0}.Release|Any CPU.Build.0 = Release|Any CPU
		{AE40427D-8241-4BFA-BEE9-792D4E818ED6}.Debug|Any CPU.ActiveCfg = Debug|Any CPU
		{AE40427D-8241-4BFA-BEE9-792D4E818ED6}.Debug|Any CPU.Build.0 = Debug|Any CPU
		{AE40427D-8241-4BFA-BEE9-792D4E818ED6}.Release|Any CPU.ActiveCfg = Release|Any CPU
		{AE40427D-8241-4BFA-BEE9-792D4E818ED6}.Release|Any CPU.Build.0 = Release|Any CPU
		{58162A2F-57DE-4C32-BE58-D75E372E2CA3}.Debug|Any CPU.ActiveCfg = Debug|Any CPU
		{58162A2F-57DE-4C32-BE58-D75E372E2CA3}.Debug|Any CPU.Build.0 = Debug|Any CPU
		{58162A2F-57DE-4C32-BE58-D75E372E2CA3}.Release|Any CPU.ActiveCfg = Release|Any CPU
		{58162A2F-57DE-4C32-BE58-D75E372E2CA3}.Release|Any CPU.Build.0 = Release|Any CPU
		{43C53638-7041-4207-9432-70DE2F864000}.Debug|Any CPU.ActiveCfg = Debug|Any CPU
		{43C53638-7041-4207-9432-70DE2F864000}.Debug|Any CPU.Build.0 = Debug|Any CPU
		{43C53638-7041-4207-9432-70DE2F864000}.Release|Any CPU.ActiveCfg = Release|Any CPU
		{43C53638-7041-4207-9432-70DE2F864000}.Release|Any CPU.Build.0 = Release|Any CPU
		{7B57A310-0FDC-4B8D-A605-6341BD7FA2CB}.Debug|Any CPU.ActiveCfg = Debug|Any CPU
		{7B57A310-0FDC-4B8D-A605-6341BD7FA2CB}.Debug|Any CPU.Build.0 = Debug|Any CPU
		{7B57A310-0FDC-4B8D-A605-6341BD7FA2CB}.Release|Any CPU.ActiveCfg = Release|Any CPU
		{7B57A310-0FDC-4B8D-A605-6341BD7FA2CB}.Release|Any CPU.Build.0 = Release|Any CPU
		{EC7658F2-8454-4DB7-8153-5679312CAE48}.Debug|Any CPU.ActiveCfg = Debug|Any CPU
		{EC7658F2-8454-4DB7-8153-5679312CAE48}.Debug|Any CPU.Build.0 = Debug|Any CPU
		{EC7658F2-8454-4DB7-8153-5679312CAE48}.Release|Any CPU.ActiveCfg = Release|Any CPU
		{EC7658F2-8454-4DB7-8153-5679312CAE48}.Release|Any CPU.Build.0 = Release|Any CPU
		{DC5C7A0C-1060-46B9-8F61-743119DD722B}.Debug|Any CPU.ActiveCfg = Debug|Any CPU
		{DC5C7A0C-1060-46B9-8F61-743119DD722B}.Debug|Any CPU.Build.0 = Debug|Any CPU
		{DC5C7A0C-1060-46B9-8F61-743119DD722B}.Release|Any CPU.ActiveCfg = Release|Any CPU
		{DC5C7A0C-1060-46B9-8F61-743119DD722B}.Release|Any CPU.Build.0 = Release|Any CPU
		{5D893060-8F0F-45E1-B307-F2D01434EDD1}.Debug|Any CPU.ActiveCfg = Debug|Any CPU
		{5D893060-8F0F-45E1-B307-F2D01434EDD1}.Debug|Any CPU.Build.0 = Debug|Any CPU
		{5D893060-8F0F-45E1-B307-F2D01434EDD1}.Release|Any CPU.ActiveCfg = Release|Any CPU
		{5D893060-8F0F-45E1-B307-F2D01434EDD1}.Release|Any CPU.Build.0 = Release|Any CPU
		{4C49D47F-88AF-4E08-BDCB-9F1A374C1DD9}.Debug|Any CPU.ActiveCfg = Debug|Any CPU
		{4C49D47F-88AF-4E08-BDCB-9F1A374C1DD9}.Debug|Any CPU.Build.0 = Debug|Any CPU
		{4C49D47F-88AF-4E08-BDCB-9F1A374C1DD9}.Release|Any CPU.ActiveCfg = Release|Any CPU
		{4C49D47F-88AF-4E08-BDCB-9F1A374C1DD9}.Release|Any CPU.Build.0 = Release|Any CPU
		{A54D1343-CE34-4FBB-BB3B-FF9196C571EE}.Debug|Any CPU.ActiveCfg = Debug|Any CPU
		{A54D1343-CE34-4FBB-BB3B-FF9196C571EE}.Debug|Any CPU.Build.0 = Debug|Any CPU
		{A54D1343-CE34-4FBB-BB3B-FF9196C571EE}.Release|Any CPU.ActiveCfg = Release|Any CPU
		{A54D1343-CE34-4FBB-BB3B-FF9196C571EE}.Release|Any CPU.Build.0 = Release|Any CPU
		{66CDA137-6877-4154-AA25-F32329D5C6E5}.Debug|Any CPU.ActiveCfg = Debug|Any CPU
		{66CDA137-6877-4154-AA25-F32329D5C6E5}.Debug|Any CPU.Build.0 = Debug|Any CPU
		{66CDA137-6877-4154-AA25-F32329D5C6E5}.Release|Any CPU.ActiveCfg = Release|Any CPU
		{66CDA137-6877-4154-AA25-F32329D5C6E5}.Release|Any CPU.Build.0 = Release|Any CPU
		{E27A0027-2DB8-44FA-81E3-0608189A8036}.Debug|Any CPU.ActiveCfg = Debug|Any CPU
		{E27A0027-2DB8-44FA-81E3-0608189A8036}.Debug|Any CPU.Build.0 = Debug|Any CPU
		{E27A0027-2DB8-44FA-81E3-0608189A8036}.Release|Any CPU.ActiveCfg = Release|Any CPU
		{E27A0027-2DB8-44FA-81E3-0608189A8036}.Release|Any CPU.Build.0 = Release|Any CPU
		{3D95FFA1-9E3B-40F4-A19B-4F7ED882B024}.Debug|Any CPU.ActiveCfg = Debug|Any CPU
		{3D95FFA1-9E3B-40F4-A19B-4F7ED882B024}.Debug|Any CPU.Build.0 = Debug|Any CPU
		{3D95FFA1-9E3B-40F4-A19B-4F7ED882B024}.Release|Any CPU.ActiveCfg = Release|Any CPU
		{3D95FFA1-9E3B-40F4-A19B-4F7ED882B024}.Release|Any CPU.Build.0 = Release|Any CPU
		{1366E438-AC82-4202-B743-1EAC8B52AF92}.Debug|Any CPU.ActiveCfg = Debug|Any CPU
		{1366E438-AC82-4202-B743-1EAC8B52AF92}.Debug|Any CPU.Build.0 = Debug|Any CPU
		{1366E438-AC82-4202-B743-1EAC8B52AF92}.Release|Any CPU.ActiveCfg = Release|Any CPU
		{1366E438-AC82-4202-B743-1EAC8B52AF92}.Release|Any CPU.Build.0 = Release|Any CPU
		{034B9A66-1C4B-46DB-8BFC-0478C9F1A1E7}.Debug|Any CPU.ActiveCfg = Debug|Any CPU
		{034B9A66-1C4B-46DB-8BFC-0478C9F1A1E7}.Debug|Any CPU.Build.0 = Debug|Any CPU
		{034B9A66-1C4B-46DB-8BFC-0478C9F1A1E7}.Release|Any CPU.ActiveCfg = Release|Any CPU
		{034B9A66-1C4B-46DB-8BFC-0478C9F1A1E7}.Release|Any CPU.Build.0 = Release|Any CPU
	EndGlobalSection
	GlobalSection(SolutionProperties) = preSolution
		HideSolutionNode = FALSE
	EndGlobalSection
	GlobalSection(NestedProjects) = preSolution
		{3AA070B9-6FD2-449D-99A6-0783E3050CF2} = {4784B168-74DE-4F6D-B694-7101A37AFD5D}
		{CDDC3D18-904F-4127-B568-4F29D71D03C9} = {4784B168-74DE-4F6D-B694-7101A37AFD5D}
		{09F2718D-CC39-4F22-A23B-0001CDBD464F} = {4784B168-74DE-4F6D-B694-7101A37AFD5D}
		{84E8E17B-154F-4A20-BE13-F5A9274925AD} = {4784B168-74DE-4F6D-B694-7101A37AFD5D}
		{AFF5642F-4DB2-4261-9B7D-A7F3F58187D0} = {4784B168-74DE-4F6D-B694-7101A37AFD5D}
		{AE40427D-8241-4BFA-BEE9-792D4E818ED6} = {0B89F426-B8B3-4C88-A889-DD295A397779}
		{58162A2F-57DE-4C32-BE58-D75E372E2CA3} = {0B89F426-B8B3-4C88-A889-DD295A397779}
		{43C53638-7041-4207-9432-70DE2F864000} = {0B89F426-B8B3-4C88-A889-DD295A397779}
		{7B57A310-0FDC-4B8D-A605-6341BD7FA2CB} = {0B89F426-B8B3-4C88-A889-DD295A397779}
		{EC7658F2-8454-4DB7-8153-5679312CAE48} = {0B89F426-B8B3-4C88-A889-DD295A397779}
		{DC5C7A0C-1060-46B9-8F61-743119DD722B} = {214F496B-C355-4C25-A86D-221DC233A9C7}
		{5D893060-8F0F-45E1-B307-F2D01434EDD1} = {214F496B-C355-4C25-A86D-221DC233A9C7}
		{4C49D47F-88AF-4E08-BDCB-9F1A374C1DD9} = {214F496B-C355-4C25-A86D-221DC233A9C7}
		{A54D1343-CE34-4FBB-BB3B-FF9196C571EE} = {214F496B-C355-4C25-A86D-221DC233A9C7}
		{66CDA137-6877-4154-AA25-F32329D5C6E5} = {C4F1E39D-331D-4725-BF41-52B8662700F9}
		{E27A0027-2DB8-44FA-81E3-0608189A8036} = {C4F1E39D-331D-4725-BF41-52B8662700F9}
		{3D95FFA1-9E3B-40F4-A19B-4F7ED882B024} = {C4F1E39D-331D-4725-BF41-52B8662700F9}
		{1366E438-AC82-4202-B743-1EAC8B52AF92} = {C4F1E39D-331D-4725-BF41-52B8662700F9}
		{034B9A66-1C4B-46DB-8BFC-0478C9F1A1E7} = {A0C1A036-D5C8-45EB-9068-FEEBA5819031}
	EndGlobalSection
	GlobalSection(ExtensibilityGlobals) = postSolution
		SolutionGuid = {5E684278-3253-4AF9-B597-474824459ED6}
	EndGlobalSection
EndGlobal
